
Microsoft Visual Studio Solution File, Format Version 12.00
# Visual Studio 15
VisualStudioVersion = 15.0.27703.2026
MinimumVisualStudioVersion = 10.0.40219.1
Project("{FAE04EC0-301F-11D3-BF4B-00C04F79EFBC}") = "The Vault", "The Vault\The Vault.csproj", "{8DD0F09C-99A2-4799-862C-F3A9CCEB08CC}"
EndProject
Project("{FAE04EC0-301F-11D3-BF4B-00C04F79EFBC}") = "Zeus", "Zeus\Zeus.csproj", "{068E5F04-D5EC-4DAA-A8FA-46FED3F2B708}"
EndProject
Global
	GlobalSection(SolutionConfigurationPlatforms) = preSolution
		Debug|Any CPU = Debug|Any CPU
		Debug|ARM = Debug|ARM
		Debug|x64 = Debug|x64
		Debug|x86 = Debug|x86
		Release|Any CPU = Release|Any CPU
		Release|ARM = Release|ARM
		Release|x64 = Release|x64
		Release|x86 = Release|x86
	EndGlobalSection
	GlobalSection(ProjectConfigurationPlatforms) = postSolution
		{8DD0F09C-99A2-4799-862C-F3A9CCEB08CC}.Debug|Any CPU.ActiveCfg = Debug|x86
		{8DD0F09C-99A2-4799-862C-F3A9CCEB08CC}.Debug|ARM.ActiveCfg = Debug|x86
		{8DD0F09C-99A2-4799-862C-F3A9CCEB08CC}.Debug|x64.ActiveCfg = Debug|x86
		{8DD0F09C-99A2-4799-862C-F3A9CCEB08CC}.Debug|x86.ActiveCfg = Debug|x86
		{8DD0F09C-99A2-4799-862C-F3A9CCEB08CC}.Debug|x86.Build.0 = Debug|x86
		{8DD0F09C-99A2-4799-862C-F3A9CCEB08CC}.Release|Any CPU.ActiveCfg = Release|x86
		{8DD0F09C-99A2-4799-862C-F3A9CCEB08CC}.Release|ARM.ActiveCfg = Release|x86
		{8DD0F09C-99A2-4799-862C-F3A9CCEB08CC}.Release|x64.ActiveCfg = Release|x86
		{8DD0F09C-99A2-4799-862C-F3A9CCEB08CC}.Release|x86.ActiveCfg = Release|x86
		{8DD0F09C-99A2-4799-862C-F3A9CCEB08CC}.Release|x86.Build.0 = Release|x86
		{068E5F04-D5EC-4DAA-A8FA-46FED3F2B708}.Debug|Any CPU.ActiveCfg = Debug|Any CPU
		{068E5F04-D5EC-4DAA-A8FA-46FED3F2B708}.Debug|Any CPU.Build.0 = Debug|Any CPU
		{068E5F04-D5EC-4DAA-A8FA-46FED3F2B708}.Debug|ARM.ActiveCfg = Debug|Any CPU
		{068E5F04-D5EC-4DAA-A8FA-46FED3F2B708}.Debug|ARM.Build.0 = Debug|Any CPU
		{068E5F04-D5EC-4DAA-A8FA-46FED3F2B708}.Debug|x64.ActiveCfg = Debug|Any CPU
		{068E5F04-D5EC-4DAA-A8FA-46FED3F2B708}.Debug|x64.Build.0 = Debug|Any CPU
		{068E5F04-D5EC-4DAA-A8FA-46FED3F2B708}.Debug|x86.ActiveCfg = Debug|Any CPU
		{068E5F04-D5EC-4DAA-A8FA-46FED3F2B708}.Debug|x86.Build.0 = Debug|Any CPU
		{068E5F04-D5EC-4DAA-A8FA-46FED3F2B708}.Release|Any CPU.ActiveCfg = Release|Any CPU
		{068E5F04-D5EC-4DAA-A8FA-46FED3F2B708}.Release|Any CPU.Build.0 = Release|Any CPU
		{068E5F04-D5EC-4DAA-A8FA-46FED3F2B708}.Release|ARM.ActiveCfg = Release|Any CPU
		{068E5F04-D5EC-4DAA-A8FA-46FED3F2B708}.Release|ARM.Build.0 = Release|Any CPU
		{068E5F04-D5EC-4DAA-A8FA-46FED3F2B708}.Release|x64.ActiveCfg = Release|Any CPU
		{068E5F04-D5EC-4DAA-A8FA-46FED3F2B708}.Release|x64.Build.0 = Release|Any CPU
		{068E5F04-D5EC-4DAA-A8FA-46FED3F2B708}.Release|x86.ActiveCfg = Release|Any CPU
		{068E5F04-D5EC-4DAA-A8FA-46FED3F2B708}.Release|x86.Build.0 = Release|Any CPU
	EndGlobalSection
	GlobalSection(SolutionProperties) = preSolution
		HideSolutionNode = FALSE
	EndGlobalSection
	GlobalSection(ExtensibilityGlobals) = postSolution
		SolutionGuid = {54BCC0F6-052F-434C-ACD8-953382E9AFF7}
	EndGlobalSection
EndGlobal
